{
  "requires": true,
  "lockfileVersion": 1,
  "dependencies": {
    "@tensorflow/tfjs": {
      "version": "1.1.0",
      "resolved": "https://registry.npmjs.org/@tensorflow/tfjs/-/tfjs-1.1.0.tgz",
      "integrity": "sha512-CxcFzl2KtknO3f12xuuv8kq8usMA7xGWpJajubIlYBp4KoBDhiDimP/DwBlTvFZq5RT5riHGtA4BWjMj6rnDcw==",
      "requires": {
        "@tensorflow/tfjs-converter": "1.1.0",
        "@tensorflow/tfjs-core": "1.1.0",
        "@tensorflow/tfjs-data": "1.1.0",
        "@tensorflow/tfjs-layers": "1.1.0"
      }
    },
    "@tensorflow/tfjs-converter": {
      "version": "1.1.0",
      "resolved": "https://registry.npmjs.org/@tensorflow/tfjs-converter/-/tfjs-converter-1.1.0.tgz",
      "integrity": "sha512-gUkoRoYm9yrVVQNp8nD+pEWOPUNhayCSrUHNItSfIm8Lzbgx6brVxVdz5T8V0kT0yh67Pp9Er/LIlf54p7KikA=="
    },
    "@tensorflow/tfjs-core": {
      "version": "1.1.0",
      "resolved": "https://registry.npmjs.org/@tensorflow/tfjs-core/-/tfjs-core-1.1.0.tgz",
      "integrity": "sha512-loPpHGVjiyEb+Ixlsj8prQ/r4exekITn7vM4WEyHUouFKx0/CuoB2FQ0m6DSb/6ApvucxTWGGNTRRo4HK4Ma0Q==",
      "requires": {
        "@types/seedrandom": "2.4.27",
        "@types/webgl-ext": "0.0.30",
        "@types/webgl2": "0.0.4",
        "node-fetch": "~2.1.2",
        "rollup-plugin-visualizer": "~1.1.1",
        "seedrandom": "2.4.3"
      }
    },
    "@tensorflow/tfjs-data": {
      "version": "1.1.0",
      "resolved": "https://registry.npmjs.org/@tensorflow/tfjs-data/-/tfjs-data-1.1.0.tgz",
      "integrity": "sha512-0+PfAsaZs/pmaxiLunb4c1rPRdu47+CYe5kxpu2P8Xn3k+vhlBYMu+zsVgs5RrTRFLWVzVeH9muA1SJLkMGZPA==",
      "requires": {
        "@types/node-fetch": "^2.1.2",
        "node-fetch": "~2.1.2"
      }
    },
    "@tensorflow/tfjs-layers": {
      "version": "1.1.0",
      "resolved": "https://registry.npmjs.org/@tensorflow/tfjs-layers/-/tfjs-layers-1.1.0.tgz",
      "integrity": "sha512-a0gXjOWvGi9gc2q8/gK79zfD5WqEZnAhZfpm6b7AoKXjDUBq4GgdbbWCfv2nYBlmMoXgRSRSV44UmJVExep0uw=="
    },
    "@types/node": {
      "version": "11.13.8",
      "resolved": "https://registry.npmjs.org/@types/node/-/node-11.13.8.tgz",
      "integrity": "sha512-szA3x/3miL90ZJxUCzx9haNbK5/zmPieGraZEe4WI+3srN0eGLiT22NXeMHmyhNEopn+IrxqMc7wdVwvPl8meg=="
    },
    "@types/node-fetch": {
      "version": "2.3.3",
      "resolved": "https://registry.npmjs.org/@types/node-fetch/-/node-fetch-2.3.3.tgz",
      "integrity": "sha512-MIplfRxrDTsIbOLGyFqNWTmxho5Fs710Kul35tEcaqkx9He86mGbSCDvILL0LCMfmm+oJ8tDg51crE9+pJGgiQ==",
      "requires": {
        "@types/node": "*"
      }
    },
    "@types/seedrandom": {
      "version": "2.4.27",
      "resolved": "https://registry.npmjs.org/@types/seedrandom/-/seedrandom-2.4.27.tgz",
      "integrity": "sha1-nbVjk33YaRX2kJK8QyWdL0hXjkE="
    },
    "@types/webgl-ext": {
      "version": "0.0.30",
      "resolved": "https://registry.npmjs.org/@types/webgl-ext/-/webgl-ext-0.0.30.tgz",
      "integrity": "sha512-LKVgNmBxN0BbljJrVUwkxwRYqzsAEPcZOe6S2T6ZaBDIrFp0qu4FNlpc5sM1tGbXUYFgdVQIoeLk1Y1UoblyEg=="
    },
    "@types/webgl2": {
      "version": "0.0.4",
      "resolved": "https://registry.npmjs.org/@types/webgl2/-/webgl2-0.0.4.tgz",
      "integrity": "sha512-PACt1xdErJbMUOUweSrbVM7gSIYm1vTncW2hF6Os/EeWi6TXYAYMPp+8v6rzHmypE5gHrxaxZNXgMkJVIdZpHw=="
    },
    "is-wsl": {
      "version": "1.1.0",
      "resolved": "https://registry.npmjs.org/is-wsl/-/is-wsl-1.1.0.tgz",
      "integrity": "sha1-HxbkqiKwTRM2tmGIpmrzxgDDpm0=",
      "optional": true
    },
    "minimist": {
      "version": "0.0.8",
      "resolved": "https://registry.npmjs.org/minimist/-/minimist-0.0.8.tgz",
      "integrity": "sha1-hX/Kv8M5fSYluCKCYuhqp6ARsF0=",
      "optional": true
    },
    "mkdirp": {
      "version": "0.5.1",
      "resolved": "https://registry.npmjs.org/mkdirp/-/mkdirp-0.5.1.tgz",
      "integrity": "sha1-MAV0OOrGz3+MR2fzhkjWaX11yQM=",
      "optional": true,
      "requires": {
        "minimist": "0.0.8"
      }
    },
    "node-fetch": {
      "version": "2.1.2",
      "resolved": "https://registry.npmjs.org/node-fetch/-/node-fetch-2.1.2.tgz",
      "integrity": "sha1-q4hOjn5X44qUR1POxwb3iNF2i7U="
    },
    "opn": {
      "version": "5.5.0",
      "resolved": "https://registry.npmjs.org/opn/-/opn-5.5.0.tgz",
      "integrity": "sha512-PqHpggC9bLV0VeWcdKhkpxY+3JTzetLSqTCWL/z/tFIbI6G8JCjondXklT1JinczLz2Xib62sSp0T/gKT4KksA==",
      "optional": true,
      "requires": {
        "is-wsl": "^1.1.0"
      }
    },
    "rollup-plugin-visualizer": {
      "version": "1.1.1",
      "resolved": "https://registry.npmjs.org/rollup-plugin-visualizer/-/rollup-plugin-visualizer-1.1.1.tgz",
      "integrity": "sha512-7xkSKp+dyJmSC7jg2LXqViaHuOnF1VvIFCnsZEKjrgT5ZVyiLLSbeszxFcQSfNJILphqgAEmWAUz0Z4xYScrRw==",
      "optional": true,
      "requires": {
        "mkdirp": "^0.5.1",
        "opn": "^5.4.0",
        "source-map": "^0.7.3",
        "typeface-oswald": "0.0.54"
      }
    },
    "seedrandom": {
      "version": "2.4.3",
      "resolved": "https://registry.npmjs.org/seedrandom/-/seedrandom-2.4.3.tgz",
      "integrity": "sha1-JDhQTa0zkXMUv/GKxNeU8W1qrsw="
    },
    "source-map": {
      "version": "0.7.3",
      "resolved": "https://registry.npmjs.org/source-map/-/source-map-0.7.3.tgz",
      "integrity": "sha512-CkCj6giN3S+n9qrYiBTX5gystlENnRW5jZeNLHpe6aue+SrHcG5VYwujhW9s4dY31mEGsxBDrHR6oI69fTXsaQ==",
      "optional": true
    },
    "typeface-oswald": {
      "version": "0.0.54",
      "resolved": "https://registry.npmjs.org/typeface-oswald/-/typeface-oswald-0.0.54.tgz",
      "integrity": "sha512-U1WMNp4qfy4/3khIfHMVAIKnNu941MXUfs3+H9R8PFgnoz42Hh9pboSFztWr86zut0eXC8byalmVhfkiKON/8Q==",
      "optional": true
    }
  }
}
